
Microsoft Visual Studio Solution File, Format Version 12.00
# Visual Studio Version 17
VisualStudioVersion = 17.13.35931.197 d17.13
MinimumVisualStudioVersion = 10.0.40219.1
Project("{FAE04EC0-301F-11D3-BF4B-00C04F79EFBC}") = "TennisPlayerAPI", "TennisPlayerAPI\TennisPlayerAPI.csproj", "{0901237D-29CC-41B7-98D3-C77FD610CBEC}"
EndProject
Global
	GlobalSection(SolutionConfigurationPlatforms) = preSolution
		Debug|Any CPU = Debug|Any CPU
		Release|Any CPU = Release|Any CPU
	EndGlobalSection
	GlobalSection(ProjectConfigurationPlatforms) = postSolution
		{0901237D-29CC-41B7-98D3-C77FD610CBEC}.Debug|Any CPU.ActiveCfg = Debug|Any CPU
		{0901237D-29CC-41B7-98D3-C77FD610CBEC}.Debug|Any CPU.Build.0 = Debug|Any CPU
		{0901237D-29CC-41B7-98D3-C77FD610CBEC}.Release|Any CPU.ActiveCfg = Release|Any CPU
		{0901237D-29CC-41B7-98D3-C77FD610CBEC}.Release|Any CPU.Build.0 = Release|Any CPU
	EndGlobalSection
	GlobalSection(SolutionProperties) = preSolution
		HideSolutionNode = FALSE
	EndGlobalSection
	GlobalSection(ExtensibilityGlobals) = postSolution
		SolutionGuid = {CBDBFDD4-23EA-4377-80AC-E100E027A6A4}
	EndGlobalSection
EndGlobal
